
Microsoft Visual Studio Solution File, Format Version 12.00
# Visual Studio Version 17
VisualStudioVersion = 17.5.33516.290
MinimumVisualStudioVersion = 10.0.40219.1
Project("{FAE04EC0-301F-11D3-BF4B-00C04F79EFBC}") = "APIPlayground", "APIPlayground\APIPlayground.csproj", "{CAB05877-8FB4-4977-8682-63A20B94B56F}"
EndProject
Global
	GlobalSection(SolutionConfigurationPlatforms) = preSolution
		Debug|Any CPU = Debug|Any CPU
		Release|Any CPU = Release|Any CPU
	EndGlobalSection
	GlobalSection(ProjectConfigurationPlatforms) = postSolution
		{CAB05877-8FB4-4977-8682-63A20B94B56F}.Debug|Any CPU.ActiveCfg = Debug|Any CPU
		{CAB05877-8FB4-4977-8682-63A20B94B56F}.Debug|Any CPU.Build.0 = Debug|Any CPU
		{CAB05877-8FB4-4977-8682-63A20B94B56F}.Release|Any CPU.ActiveCfg = Release|Any CPU
		{CAB05877-8FB4-4977-8682-63A20B94B56F}.Release|Any CPU.Build.0 = Release|Any CPU
	EndGlobalSection
	GlobalSection(SolutionProperties) = preSolution
		HideSolutionNode = FALSE
	EndGlobalSection
	GlobalSection(ExtensibilityGlobals) = postSolution
		SolutionGuid = {4E2183F1-0802-40EB-8284-70FF2A20C230}
	EndGlobalSection
EndGlobal
